
Microsoft Visual Studio Solution File, Format Version 12.00
# Visual Studio Version 17
VisualStudioVersion = 17.8.34408.163
MinimumVisualStudioVersion = 10.0.40219.1
Project("{FAE04EC0-301F-11D3-BF4B-00C04F79EFBC}") = "ControleDeContatos", "ControleDeContatos.csproj", "{EAECE8C5-79BE-4BA7-8992-FC577680A397}"
EndProject
Global
	GlobalSection(SolutionConfigurationPlatforms) = preSolution
		Debug|Any CPU = Debug|Any CPU
		Release|Any CPU = Release|Any CPU
	EndGlobalSection
	GlobalSection(ProjectConfigurationPlatforms) = postSolution
		{EAECE8C5-79BE-4BA7-8992-FC577680A397}.Debug|Any CPU.ActiveCfg = Debug|Any CPU
		{EAECE8C5-79BE-4BA7-8992-FC577680A397}.Debug|Any CPU.Build.0 = Debug|Any CPU
		{EAECE8C5-79BE-4BA7-8992-FC577680A397}.Release|Any CPU.ActiveCfg = Release|Any CPU
		{EAECE8C5-79BE-4BA7-8992-FC577680A397}.Release|Any CPU.Build.0 = Release|Any CPU
	EndGlobalSection
	GlobalSection(SolutionProperties) = preSolution
		HideSolutionNode = FALSE
	EndGlobalSection
	GlobalSection(ExtensibilityGlobals) = postSolution
		SolutionGuid = {54E145DB-993D-4398-8B9E-9A2F636139DB}
	EndGlobalSection
EndGlobal
